schema: '2.0'
stages:
  prepare:
    cmd: python src/prepare.py
    deps:
    - path: data/iris.csv
      hash: md5
      md5: 4d301abed5efe50eccda350cde38e0eb
      size: 2777
    - path: src/prepare.py
      hash: md5
      md5: 79eb6f5825b7e4f4b1c51bd969da66e6
      size: 403
    outs:
    - path: data/test.csv
      hash: md5
      md5: 5ed903a87c389447c24dd508f6082f53
      size: 800
    - path: data/train.csv
      hash: md5
      md5: 68edd06be62b578592dfe19889a36b21
      size: 2206
  train:
    cmd: python src/train.py
    deps:
    - path: data/test.csv
      hash: md5
      md5: 5ed903a87c389447c24dd508f6082f53
      size: 800
    - path: data/train.csv
      hash: md5
      md5: 68edd06be62b578592dfe19889a36b21
      size: 2206
    - path: src/train.py
      hash: md5
      md5: 1ac5d29622b7931baad60ddc1d952660
      size: 1087
    params:
      params.yaml:
        model.C: 1.0
        model.max_iter: 200
        split.test_size: 0.3
    outs:
    - path: metrics.json
      hash: md5
      md5: afc01b1a2013744c51ba2fc64ffc26bf
      size: 23
    - path: model.pkl
      hash: md5
      md5: d7e919fbf9e5ea8c75a31629c38fcbb3
      size: 1007
    - path: plots/roc.csv
      hash: md5
      md5: 1345cb4d53f75e73de059533db0bf459
      size: 61
